
Microsoft Visual Studio Solution File, Format Version 12.00
# Visual Studio 14
VisualStudioVersion = 14.0.25420.1
MinimumVisualStudioVersion = 10.0.40219.1
Project("{FAE04EC0-301F-11D3-BF4B-00C04F79EFBC}") = "DirtySkunk.Droid", "DirtySkunk\DirtySkunk.Droid\DirtySkunk.Droid.csproj", "{758A87E3-5FA0-4673-9277-C0EFE8670F65}"
EndProject
Project("{FAE04EC0-301F-11D3-BF4B-00C04F79EFBC}") = "DirtySkunk.Core", "DirtySkunk\DirtySkunk\DirtySkunk.Core.csproj", "{FD682203-E05A-491B-B94F-DB53F304ABD6}"
EndProject
Global
	GlobalSection(SolutionConfigurationPlatforms) = preSolution
		Debug|Any CPU = Debug|Any CPU
		Debug|ARM = Debug|ARM
		Debug|iPhone = Debug|iPhone
		Debug|iPhoneSimulator = Debug|iPhoneSimulator
		Debug|x86 = Debug|x86
		Release|Any CPU = Release|Any CPU
		Release|ARM = Release|ARM
		Release|iPhone = Release|iPhone
		Release|iPhoneSimulator = Release|iPhoneSimulator
		Release|x86 = Release|x86
	EndGlobalSection
	GlobalSection(ProjectConfigurationPlatforms) = postSolution
		{758A87E3-5FA0-4673-9277-C0EFE8670F65}.Debug|Any CPU.ActiveCfg = Debug|Any CPU
		{758A87E3-5FA0-4673-9277-C0EFE8670F65}.Debug|Any CPU.Build.0 = Debug|Any CPU
		{758A87E3-5FA0-4673-9277-C0EFE8670F65}.Debug|Any CPU.Deploy.0 = Debug|Any CPU
		{758A87E3-5FA0-4673-9277-C0EFE8670F65}.Debug|ARM.ActiveCfg = Debug|Any CPU
		{758A87E3-5FA0-4673-9277-C0EFE8670F65}.Debug|ARM.Build.0 = Debug|Any CPU
		{758A87E3-5FA0-4673-9277-C0EFE8670F65}.Debug|ARM.Deploy.0 = Debug|Any CPU
		{758A87E3-5FA0-4673-9277-C0EFE8670F65}.Debug|iPhone.ActiveCfg = Debug|Any CPU
		{758A87E3-5FA0-4673-9277-C0EFE8670F65}.Debug|iPhone.Build.0 = Debug|Any CPU
		{758A87E3-5FA0-4673-9277-C0EFE8670F65}.Debug|iPhone.Deploy.0 = Debug|Any CPU
		{758A87E3-5FA0-4673-9277-C0EFE8670F65}.Debug|iPhoneSimulator.ActiveCfg = Debug|Any CPU
		{758A87E3-5FA0-4673-9277-C0EFE8670F65}.Debug|iPhoneSimulator.Build.0 = Debug|Any CPU
		{758A87E3-5FA0-4673-9277-C0EFE8670F65}.Debug|iPhoneSimulator.Deploy.0 = Debug|Any CPU
		{758A87E3-5FA0-4673-9277-C0EFE8670F65}.Debug|x86.ActiveCfg = Debug|Any CPU
		{758A87E3-5FA0-4673-9277-C0EFE8670F65}.Debug|x86.Build.0 = Debug|Any CPU
		{758A87E3-5FA0-4673-9277-C0EFE8670F65}.Debug|x86.Deploy.0 = Debug|Any CPU
		{758A87E3-5FA0-4673-9277-C0EFE8670F65}.Release|Any CPU.ActiveCfg = Release|Any CPU
		{758A87E3-5FA0-4673-9277-C0EFE8670F65}.Release|Any CPU.Build.0 = Release|Any CPU
		{758A87E3-5FA0-4673-9277-C0EFE8670F65}.Release|Any CPU.Deploy.0 = Release|Any CPU
		{758A87E3-5FA0-4673-9277-C0EFE8670F65}.Release|ARM.ActiveCfg = Release|Any CPU
		{758A87E3-5FA0-4673-9277-C0EFE8670F65}.Release|ARM.Build.0 = Release|Any CPU
		{758A87E3-5FA0-4673-9277-C0EFE8670F65}.Release|ARM.Deploy.0 = Release|Any CPU
		{758A87E3-5FA0-4673-9277-C0EFE8670F65}.Release|iPhone.ActiveCfg = Release|Any CPU
		{758A87E3-5FA0-4673-9277-C0EFE8670F65}.Release|iPhone.Build.0 = Release|Any CPU
		{758A87E3-5FA0-4673-9277-C0EFE8670F65}.Release|iPhone.Deploy.0 = Release|Any CPU
		{758A87E3-5FA0-4673-9277-C0EFE8670F65}.Release|iPhoneSimulator.ActiveCfg = Release|Any CPU
		{758A87E3-5FA0-4673-9277-C0EFE8670F65}.Release|iPhoneSimulator.Build.0 = Release|Any CPU
		{758A87E3-5FA0-4673-9277-C0EFE8670F65}.Release|iPhoneSimulator.Deploy.0 = Release|Any CPU
		{758A87E3-5FA0-4673-9277-C0EFE8670F65}.Release|x86.ActiveCfg = Release|Any CPU
		{758A87E3-5FA0-4673-9277-C0EFE8670F65}.Release|x86.Build.0 = Release|Any CPU
		{758A87E3-5FA0-4673-9277-C0EFE8670F65}.Release|x86.Deploy.0 = Release|Any CPU
		{FD682203-E05A-491B-B94F-DB53F304ABD6}.Debug|Any CPU.ActiveCfg = Debug|Any CPU
		{FD682203-E05A-491B-B94F-DB53F304ABD6}.Debug|Any CPU.Build.0 = Debug|Any CPU
		{FD682203-E05A-491B-B94F-DB53F304ABD6}.Debug|ARM.ActiveCfg = Debug|Any CPU
		{FD682203-E05A-491B-B94F-DB53F304ABD6}.Debug|ARM.Build.0 = Debug|Any CPU
		{FD682203-E05A-491B-B94F-DB53F304ABD6}.Debug|iPhone.ActiveCfg = Debug|Any CPU
		{FD682203-E05A-491B-B94F-DB53F304ABD6}.Debug|iPhone.Build.0 = Debug|Any CPU
		{FD682203-E05A-491B-B94F-DB53F304ABD6}.Debug|iPhoneSimulator.ActiveCfg = Debug|Any CPU
		{FD682203-E05A-491B-B94F-DB53F304ABD6}.Debug|iPhoneSimulator.Build.0 = Debug|Any CPU
		{FD682203-E05A-491B-B94F-DB53F304ABD6}.Debug|x86.ActiveCfg = Debug|Any CPU
		{FD682203-E05A-491B-B94F-DB53F304ABD6}.Debug|x86.Build.0 = Debug|Any CPU
		{FD682203-E05A-491B-B94F-DB53F304ABD6}.Release|Any CPU.ActiveCfg = Release|Any CPU
		{FD682203-E05A-491B-B94F-DB53F304ABD6}.Release|Any CPU.Build.0 = Release|Any CPU
		{FD682203-E05A-491B-B94F-DB53F304ABD6}.Release|ARM.ActiveCfg = Release|Any CPU
		{FD682203-E05A-491B-B94F-DB53F304ABD6}.Release|ARM.Build.0 = Release|Any CPU
		{FD682203-E05A-491B-B94F-DB53F304ABD6}.Release|iPhone.ActiveCfg = Release|Any CPU
		{FD682203-E05A-491B-B94F-DB53F304ABD6}.Release|iPhone.Build.0 = Release|Any CPU
		{FD682203-E05A-491B-B94F-DB53F304ABD6}.Release|iPhoneSimulator.ActiveCfg = Release|Any CPU
		{FD682203-E05A-491B-B94F-DB53F304ABD6}.Release|iPhoneSimulator.Build.0 = Release|Any CPU
		{FD682203-E05A-491B-B94F-DB53F304ABD6}.Release|x86.ActiveCfg = Release|Any CPU
		{FD682203-E05A-491B-B94F-DB53F304ABD6}.Release|x86.Build.0 = Release|Any CPU
	EndGlobalSection
	GlobalSection(SolutionProperties) = preSolution
		HideSolutionNode = FALSE
	EndGlobalSection
EndGlobal
